
Microsoft Visual Studio Solution File, Format Version 12.00
# Visual Studio Version 16
VisualStudioVersion = 16.0.30503.244
MinimumVisualStudioVersion = 15.0.26124.0
Project("{9A19103F-16F7-4668-BE54-9A1E7A4F7556}") = "GraphQL.SchemaGenerator", "src\GraphQl.SchemaGenerator\GraphQL.SchemaGenerator.csproj", "{2CFEE8F4-8177-4053-AB9B-DAA3A9161306}"
EndProject
Project("{9A19103F-16F7-4668-BE54-9A1E7A4F7556}") = "GraphQL.SchemaGenerator.Tests", "src\GraphQl.SchemaGenerator.Tests\GraphQL.SchemaGenerator.Tests.csproj", "{55C12A00-A30A-41BD-A771-527AB95CB17F}"
EndProject
Global
	GlobalSection(SolutionConfigurationPlatforms) = preSolution
		Debug|Any CPU = Debug|Any CPU
		Debug|x64 = Debug|x64
		Debug|x86 = Debug|x86
		Release|Any CPU = Release|Any CPU
		Release|x64 = Release|x64
		Release|x86 = Release|x86
	EndGlobalSection
	GlobalSection(ProjectConfigurationPlatforms) = postSolution
		{2CFEE8F4-8177-4053-AB9B-DAA3A9161306}.Debug|Any CPU.ActiveCfg = Debug|Any CPU
		{2CFEE8F4-8177-4053-AB9B-DAA3A9161306}.Debug|Any CPU.Build.0 = Debug|Any CPU
		{2CFEE8F4-8177-4053-AB9B-DAA3A9161306}.Debug|x64.ActiveCfg = Debug|Any CPU
		{2CFEE8F4-8177-4053-AB9B-DAA3A9161306}.Debug|x64.Build.0 = Debug|Any CPU
		{2CFEE8F4-8177-4053-AB9B-DAA3A9161306}.Debug|x86.ActiveCfg = Debug|Any CPU
		{2CFEE8F4-8177-4053-AB9B-DAA3A9161306}.Debug|x86.Build.0 = Debug|Any CPU
		{2CFEE8F4-8177-4053-AB9B-DAA3A9161306}.Release|Any CPU.ActiveCfg = Release|Any CPU
		{2CFEE8F4-8177-4053-AB9B-DAA3A9161306}.Release|Any CPU.Build.0 = Release|Any CPU
		{2CFEE8F4-8177-4053-AB9B-DAA3A9161306}.Release|x64.ActiveCfg = Release|Any CPU
		{2CFEE8F4-8177-4053-AB9B-DAA3A9161306}.Release|x64.Build.0 = Release|Any CPU
		{2CFEE8F4-8177-4053-AB9B-DAA3A9161306}.Release|x86.ActiveCfg = Release|Any CPU
		{2CFEE8F4-8177-4053-AB9B-DAA3A9161306}.Release|x86.Build.0 = Release|Any CPU
		{55C12A00-A30A-41BD-A771-527AB95CB17F}.Debug|Any CPU.ActiveCfg = Debug|Any CPU
		{55C12A00-A30A-41BD-A771-527AB95CB17F}.Debug|Any CPU.Build.0 = Debug|Any CPU
		{55C12A00-A30A-41BD-A771-527AB95CB17F}.Debug|x64.ActiveCfg = Debug|Any CPU
		{55C12A00-A30A-41BD-A771-527AB95CB17F}.Debug|x64.Build.0 = Debug|Any CPU
		{55C12A00-A30A-41BD-A771-527AB95CB17F}.Debug|x86.ActiveCfg = Debug|Any CPU
		{55C12A00-A30A-41BD-A771-527AB95CB17F}.Debug|x86.Build.0 = Debug|Any CPU
		{55C12A00-A30A-41BD-A771-527AB95CB17F}.Release|Any CPU.ActiveCfg = Release|Any CPU
		{55C12A00-A30A-41BD-A771-527AB95CB17F}.Release|Any CPU.Build.0 = Release|Any CPU
		{55C12A00-A30A-41BD-A771-527AB95CB17F}.Release|x64.ActiveCfg = Release|Any CPU
		{55C12A00-A30A-41BD-A771-527AB95CB17F}.Release|x64.Build.0 = Release|Any CPU
		{55C12A00-A30A-41BD-A771-527AB95CB17F}.Release|x86.ActiveCfg = Release|Any CPU
		{55C12A00-A30A-41BD-A771-527AB95CB17F}.Release|x86.Build.0 = Release|Any CPU
	EndGlobalSection
	GlobalSection(SolutionProperties) = preSolution
		HideSolutionNode = FALSE
	EndGlobalSection
	GlobalSection(ExtensibilityGlobals) = postSolution
		SolutionGuid = {B16CA5FD-06EC-406D-8DBA-CADD4B0B3A2C}
	EndGlobalSection
EndGlobal
